
Microsoft Visual Studio Solution File, Format Version 12.00
# Visual Studio 2013
VisualStudioVersion = 12.0.21005.1
MinimumVisualStudioVersion = 10.0.40219.1
Project("{8BC9CEB8-8B4A-11D0-8D11-00A0C91BC942}") = "Week 4", "Week 4\Week 4.vcxproj", "{974B13A0-2160-49F7-9F0A-BC8E36ACF3AA}"
EndProject
Project("{8BC9CEB8-8B4A-11D0-8D11-00A0C91BC942}") = "Week 4(2)", "Week 4(2)\Week 4(2).vcxproj", "{DB976A3C-2593-4192-A27C-92E4D931005F}"
EndProject
Project("{8BC9CEB8-8B4A-11D0-8D11-00A0C91BC942}") = "Week 4(3)", "Week 4(3)\Week 4(3).vcxproj", "{2287B618-E3FA-48E3-A4B8-089FCC500566}"
EndProject
Global
	GlobalSection(SolutionConfigurationPlatforms) = preSolution
		Debug|Win32 = Debug|Win32
		Release|Win32 = Release|Win32
	EndGlobalSection
	GlobalSection(ProjectConfigurationPlatforms) = postSolution
		{974B13A0-2160-49F7-9F0A-BC8E36ACF3AA}.Debug|Win32.ActiveCfg = Debug|Win32
		{974B13A0-2160-49F7-9F0A-BC8E36ACF3AA}.Debug|Win32.Build.0 = Debug|Win32
		{974B13A0-2160-49F7-9F0A-BC8E36ACF3AA}.Release|Win32.ActiveCfg = Release|Win32
		{974B13A0-2160-49F7-9F0A-BC8E36ACF3AA}.Release|Win32.Build.0 = Release|Win32
		{DB976A3C-2593-4192-A27C-92E4D931005F}.Debug|Win32.ActiveCfg = Debug|Win32
		{DB976A3C-2593-4192-A27C-92E4D931005F}.Debug|Win32.Build.0 = Debug|Win32
		{DB976A3C-2593-4192-A27C-92E4D931005F}.Release|Win32.ActiveCfg = Release|Win32
		{DB976A3C-2593-4192-A27C-92E4D931005F}.Release|Win32.Build.0 = Release|Win32
		{2287B618-E3FA-48E3-A4B8-089FCC500566}.Debug|Win32.ActiveCfg = Debug|Win32
		{2287B618-E3FA-48E3-A4B8-089FCC500566}.Debug|Win32.Build.0 = Debug|Win32
		{2287B618-E3FA-48E3-A4B8-089FCC500566}.Release|Win32.ActiveCfg = Release|Win32
		{2287B618-E3FA-48E3-A4B8-089FCC500566}.Release|Win32.Build.0 = Release|Win32
	EndGlobalSection
	GlobalSection(SolutionProperties) = preSolution
		HideSolutionNode = FALSE
	EndGlobalSection
EndGlobal
